{
  "name": "stepByStep",
  "version": "0.0.1",
  "lockfileVersion": 1,
  "requires": true,
  "dependencies": {
    "array-includes": {
      "version": "3.0.3",
      "resolved": "http://registry.npm.taobao.org/array-includes/download/array-includes-3.0.3.tgz",
      "integrity": "sha1-GEtI9i2S10UrsxsyMWXH+L0CJm0=",
      "dev": true,
      "requires": {
        "define-properties": "1.1.3",
        "es-abstract": "1.13.0"
      }
    },
    "define-properties": {
      "version": "1.1.3",
      "resolved": "http://registry.npm.taobao.org/define-properties/download/define-properties-1.1.3.tgz",
      "integrity": "sha1-z4jabL7ib+bbcJT2HYcMvYTO6fE=",
      "dev": true,
      "requires": {
        "object-keys": "1.1.1"
      }
    },
    "doctrine": {
      "version": "2.1.0",
      "resolved": "http://registry.npm.taobao.org/doctrine/download/doctrine-2.1.0.tgz",
      "integrity": "sha1-XNAfwQFiG0LEzX9dGmYkNxbT850=",
      "dev": true,
      "requires": {
        "esutils": "2.0.2"
      }
    },
    "es-abstract": {
      "version": "1.13.0",
      "resolved": "http://registry.npm.taobao.org/es-abstract/download/es-abstract-1.13.0.tgz",
      "integrity": "sha1-rIYUX91QmdjdSVWMy6Lq+biOJOk=",
      "dev": true,
      "requires": {
        "es-to-primitive": "1.2.0",
        "function-bind": "1.1.1",
        "has": "1.0.3",
        "is-callable": "1.1.4",
        "is-regex": "1.0.4",
        "object-keys": "1.1.1"
      }
    },
    "es-to-primitive": {
      "version": "1.2.0",
      "resolved": "http://registry.npm.taobao.org/es-to-primitive/download/es-to-primitive-1.2.0.tgz",
      "integrity": "sha1-7fckeAM0VujdqO8J4ArZZQcH83c=",
      "dev": true,
      "requires": {
        "is-callable": "1.1.4",
        "is-date-object": "1.0.1",
        "is-symbol": "1.0.2"
      }
    },
    "eslint-plugin-react": {
      "version": "7.13.0",
      "resolved": "https://registry.npm.taobao.org/eslint-plugin-react/download/eslint-plugin-react-7.13.0.tgz",
      "integrity": "sha1-vBP9cQHeZ5lupRszhzzZ3Ct+V1g=",
      "dev": true,
      "requires": {
        "array-includes": "3.0.3",
        "doctrine": "2.1.0",
        "has": "1.0.3",
        "jsx-ast-utils": "2.1.0",
        "object.fromentries": "2.0.0",
        "prop-types": "15.7.2",
        "resolve": "1.10.1"
      }
    },
    "esutils": {
      "version": "2.0.2",
      "resolved": "http://registry.npm.taobao.org/esutils/download/esutils-2.0.2.tgz",
      "integrity": "sha1-Cr9PHKpbyx96nYrMbepPqqBLrJs=",
      "dev": true
    },
    "function-bind": {
      "version": "1.1.1",
      "resolved": "http://registry.npm.taobao.org/function-bind/download/function-bind-1.1.1.tgz",
      "integrity": "sha1-pWiZ0+o8m6uHS7l3O3xe3pL0iV0=",
      "dev": true
    },
    "has": {
      "version": "1.0.3",
      "resolved": "http://registry.npm.taobao.org/has/download/has-1.0.3.tgz",
      "integrity": "sha1-ci18v8H2qoJB8W3YFOAR4fQeh5Y=",
      "dev": true,
      "requires": {
        "function-bind": "1.1.1"
      }
    },
    "has-symbols": {
      "version": "1.0.0",
      "resolved": "http://registry.npm.taobao.org/has-symbols/download/has-symbols-1.0.0.tgz",
      "integrity": "sha1-uhqPGvKg/DllD1yFA2dwQSIGO0Q=",
      "dev": true
    },
    "is-callable": {
      "version": "1.1.4",
      "resolved": "http://registry.npm.taobao.org/is-callable/download/is-callable-1.1.4.tgz",
      "integrity": "sha1-HhrfIZ4e62hNaR+dagX/DTCiTXU=",
      "dev": true
    },
    "is-date-object": {
      "version": "1.0.1",
      "resolved": "http://registry.npm.taobao.org/is-date-object/download/is-date-object-1.0.1.tgz",
      "integrity": "sha1-mqIOtq7rv/d/vTPnTKAbM1gdOhY=",
      "dev": true
    },
    "is-regex": {
      "version": "1.0.4",
      "resolved": "http://registry.npm.taobao.org/is-regex/download/is-regex-1.0.4.tgz",
      "integrity": "sha1-VRdIm1RwkbCTDglWVM7SXul+lJE=",
      "dev": true,
      "requires": {
        "has": "1.0.3"
      }
    },
    "is-symbol": {
      "version": "1.0.2",
      "resolved": "http://registry.npm.taobao.org/is-symbol/download/is-symbol-1.0.2.tgz",
      "integrity": "sha1-oFX2rlcZLK7jKeeoYBGLSXqVDzg=",
      "dev": true,
      "requires": {
        "has-symbols": "1.0.0"
      }
    },
    "js-tokens": {
      "version": "4.0.0",
      "resolved": "http://registry.npm.taobao.org/js-tokens/download/js-tokens-4.0.0.tgz",
      "integrity": "sha1-GSA/tZmR35jjoocFDUZHzerzJJk=",
      "dev": true
    },
    "jsx-ast-utils": {
      "version": "2.1.0",
      "resolved": "http://registry.npm.taobao.org/jsx-ast-utils/download/jsx-ast-utils-2.1.0.tgz",
      "integrity": "sha1-DuTiyXH7lgHGe1ZBtxvoD67PCzY=",
      "dev": true,
      "requires": {
        "array-includes": "3.0.3"
      }
    },
    "loose-envify": {
      "version": "1.4.0",
      "resolved": "http://registry.npm.taobao.org/loose-envify/download/loose-envify-1.4.0.tgz",
      "integrity": "sha1-ce5R+nvkyuwaY4OffmgtgTLTDK8=",
      "dev": true,
      "requires": {
        "js-tokens": "4.0.0"
      }
    },
    "object-assign": {
      "version": "4.1.1",
      "resolved": "http://registry.npm.taobao.org/object-assign/download/object-assign-4.1.1.tgz",
      "integrity": "sha1-IQmtx5ZYh8/AXLvUQsrIv7s2CGM=",
      "dev": true
    },
    "object-keys": {
      "version": "1.1.1",
      "resolved": "http://registry.npm.taobao.org/object-keys/download/object-keys-1.1.1.tgz",
      "integrity": "sha1-HEfyct8nfzsdrwYWd9nILiMixg4=",
      "dev": true
    },
    "object.fromentries": {
      "version": "2.0.0",
      "resolved": "http://registry.npm.taobao.org/object.fromentries/download/object.fromentries-2.0.0.tgz",
      "integrity": "sha1-SaVD2SFR+Cd7OslgDx6TCxidMKs=",
      "dev": true,
      "requires": {
        "define-properties": "1.1.3",
        "es-abstract": "1.13.0",
        "function-bind": "1.1.1",
        "has": "1.0.3"
      }
    },
    "path-parse": {
      "version": "1.0.6",
      "resolved": "http://registry.npm.taobao.org/path-parse/download/path-parse-1.0.6.tgz",
      "integrity": "sha1-1i27VnlAXXLEc37FhgDp3c8G0kw=",
      "dev": true
    },
    "prop-types": {
      "version": "15.7.2",
      "resolved": "http://registry.npm.taobao.org/prop-types/download/prop-types-15.7.2.tgz",
      "integrity": "sha1-UsQedbjIfnK52TYOAga5ncv/psU=",
      "dev": true,
      "requires": {
        "loose-envify": "1.4.0",
        "object-assign": "4.1.1",
        "react-is": "16.8.6"
      }
    },
    "react-is": {
      "version": "16.8.6",
      "resolved": "https://registry.npm.taobao.org/react-is/download/react-is-16.8.6.tgz",
      "integrity": "sha1-W7weLSkUHJ+9/tRWND/ivEMKahY=",
      "dev": true
    },
    "resolve": {
      "version": "1.10.1",
      "resolved": "https://registry.npm.taobao.org/resolve/download/resolve-1.10.1.tgz",
      "integrity": "sha1-ZkhCrJYHlbvnWCIc3M2mH7ZLXxg=",
      "dev": true,
      "requires": {
        "path-parse": "1.0.6"
      }
    }
  }
}
